
Microsoft Visual Studio Solution File, Format Version 12.00
# Visual Studio Version 17
VisualStudioVersion = 17.0.31919.166
MinimumVisualStudioVersion = 10.0.40219.1
Project("{FAE04EC0-301F-11D3-BF4B-00C04F79EFBC}") = "Fullstack", "Fullstack.csproj", "{7BBDACC4-D642-4D24-86B8-5DFFE64826C6}"
EndProject
Global
	GlobalSection(SolutionConfigurationPlatforms) = preSolution
		Debug|Any CPU = Debug|Any CPU
		Release|Any CPU = Release|Any CPU
	EndGlobalSection
	GlobalSection(ProjectConfigurationPlatforms) = postSolution
		{7BBDACC4-D642-4D24-86B8-5DFFE64826C6}.Debug|Any CPU.ActiveCfg = Debug|Any CPU
		{7BBDACC4-D642-4D24-86B8-5DFFE64826C6}.Debug|Any CPU.Build.0 = Debug|Any CPU
		{7BBDACC4-D642-4D24-86B8-5DFFE64826C6}.Release|Any CPU.ActiveCfg = Release|Any CPU
		{7BBDACC4-D642-4D24-86B8-5DFFE64826C6}.Release|Any CPU.Build.0 = Release|Any CPU
	EndGlobalSection
	GlobalSection(SolutionProperties) = preSolution
		HideSolutionNode = FALSE
	EndGlobalSection
	GlobalSection(ExtensibilityGlobals) = postSolution
		SolutionGuid = {E06A1AC8-0042-4D57-B61E-6334DF8FA981}
	EndGlobalSection
EndGlobal
